// !$*UTF8*$!
{
	archiveVersion = 1;
	classes = {
	};
	objectVersion = 51;
	objects = {

/* Begin PBXBuildFile section */
		1E7CF87F1C567A66F3F3A264 /* Pods_OmniNews.framework in Frameworks */ = {isa = PBXBuildFile; fileRef = A917DDF2BECA0598B9F72601 /* Pods_OmniNews.framework */; };
		2C2478A0234BE892007EF5E4 /* TopicDetailsCoordinator.swift in Sources */ = {isa = PBXBuildFile; fileRef = 2C24789F234BE892007EF5E4 /* TopicDetailsCoordinator.swift */; };
		2C2478A2234BE8AC007EF5E4 /* TopicDetailsViewController.swift in Sources */ = {isa = PBXBuildFile; fileRef = 2C2478A1234BE8AC007EF5E4 /* TopicDetailsViewController.swift */; };
		2C2478A4234BEF33007EF5E4 /* NetworkKeys.swift in Sources */ = {isa = PBXBuildFile; fileRef = 2C2478A3234BEF33007EF5E4 /* NetworkKeys.swift */; };
		2C2478A7234BF13A007EF5E4 /* ImageAsset.swift in Sources */ = {isa = PBXBuildFile; fileRef = 2C2478A5234BF13A007EF5E4 /* ImageAsset.swift */; };
		2C2478A8234BF13A007EF5E4 /* ImageSize.swift in Sources */ = {isa = PBXBuildFile; fileRef = 2C2478A6234BF13A007EF5E4 /* ImageSize.swift */; };
		2C2478AE234BFF56007EF5E4 /* ApiClientMock.swift in Sources */ = {isa = PBXBuildFile; fileRef = 2C2478AD234BFF56007EF5E4 /* ApiClientMock.swift */; };
		2C2478B1234C0005007EF5E4 /* ArticleMock.swift in Sources */ = {isa = PBXBuildFile; fileRef = 2C2478B0234C0005007EF5E4 /* ArticleMock.swift */; };
		2C2478B8234C01E1007EF5E4 /* ArticleViewModelTests.swift in Sources */ = {isa = PBXBuildFile; fileRef = 2C2478B7234C01E1007EF5E4 /* ArticleViewModelTests.swift */; };
		2C2478BB234C73E4007EF5E4 /* ArticlesListViewModelTests.swift in Sources */ = {isa = PBXBuildFile; fileRef = 2C2478BA234C73E4007EF5E4 /* ArticlesListViewModelTests.swift */; };
		2C2478BF234C78FF007EF5E4 /* TopicsListViewModelTests.swift in Sources */ = {isa = PBXBuildFile; fileRef = 2C2478BE234C78FF007EF5E4 /* TopicsListViewModelTests.swift */; };
		2C2478C1234C7956007EF5E4 /* TopicMock.swift in Sources */ = {isa = PBXBuildFile; fileRef = 2C2478C0234C7956007EF5E4 /* TopicMock.swift */; };
		2C8B7833234B772400D1BE8E /* AppDelegate.swift in Sources */ = {isa = PBXBuildFile; fileRef = 2C8B7832234B772400D1BE8E /* AppDelegate.swift */; };
		2C8B783C234B772600D1BE8E /* Assets.xcassets in Resources */ = {isa = PBXBuildFile; fileRef = 2C8B783B234B772600D1BE8E /* Assets.xcassets */; };
		2C8B783F234B772600D1BE8E /* LaunchScreen.storyboard in Resources */ = {isa = PBXBuildFile; fileRef = 2C8B783D234B772600D1BE8E /* LaunchScreen.storyboard */; };
		2C8B7857234B7AF500D1BE8E /* ApplicationCoordinator.swift in Sources */ = {isa = PBXBuildFile; fileRef = 2C8B7856234B7AF500D1BE8E /* ApplicationCoordinator.swift */; };
		2C8B785A234B7B1500D1BE8E /* MainStore.swift in Sources */ = {isa = PBXBuildFile; fileRef = 2C8B7859234B7B1500D1BE8E /* MainStore.swift */; };
		2C8B785D234B7B4100D1BE8E /* ApiClient.swift in Sources */ = {isa = PBXBuildFile; fileRef = 2C8B785C234B7B4100D1BE8E /* ApiClient.swift */; };
		2C8B7860234B7D5A00D1BE8E /* NewsData.swift in Sources */ = {isa = PBXBuildFile; fileRef = 2C8B785F234B7D5900D1BE8E /* NewsData.swift */; };
		2C8B7862234B7DF400D1BE8E /* Article.swift in Sources */ = {isa = PBXBuildFile; fileRef = 2C8B7861234B7DF400D1BE8E /* Article.swift */; };
		2C8B7871234B7EFE00D1BE8E /* MainResource.swift in Sources */ = {isa = PBXBuildFile; fileRef = 2C8B7870234B7EFE00D1BE8E /* MainResource.swift */; };
		2C8B7875234B7F4100D1BE8E /* TitleClass.swift in Sources */ = {isa = PBXBuildFile; fileRef = 2C8B7874234B7F4100D1BE8E /* TitleClass.swift */; };
		2C8B7878234B802200D1BE8E /* Topic.swift in Sources */ = {isa = PBXBuildFile; fileRef = 2C8B7877234B802200D1BE8E /* Topic.swift */; };
		2C8B787E234B811100D1BE8E /* Coordinator.swift in Sources */ = {isa = PBXBuildFile; fileRef = 2C8B787D234B811100D1BE8E /* Coordinator.swift */; };
		2C8B7882234B819500D1BE8E /* ArticlesListCoordinator.swift in Sources */ = {isa = PBXBuildFile; fileRef = 2C8B7881234B819500D1BE8E /* ArticlesListCoordinator.swift */; };
		2C8B7884234B81B900D1BE8E /* ArticlesListViewController.swift in Sources */ = {isa = PBXBuildFile; fileRef = 2C8B7883234B81B900D1BE8E /* ArticlesListViewController.swift */; };
		2C8B7886234B820C00D1BE8E /* ArticlesListViewModel.swift in Sources */ = {isa = PBXBuildFile; fileRef = 2C8B7885234B820C00D1BE8E /* ArticlesListViewModel.swift */; };
		2C8B788B234B885A00D1BE8E /* TopicsListCoordinator.swift in Sources */ = {isa = PBXBuildFile; fileRef = 2C8B788A234B885A00D1BE8E /* TopicsListCoordinator.swift */; };
		2C8B788D234B921000D1BE8E /* TopicsListViewController.swift in Sources */ = {isa = PBXBuildFile; fileRef = 2C8B788C234B921000D1BE8E /* TopicsListViewController.swift */; };
		2C8B788F234B92BE00D1BE8E /* TopicsListViewModel.swift in Sources */ = {isa = PBXBuildFile; fileRef = 2C8B788E234B92BE00D1BE8E /* TopicsListViewModel.swift */; };
		2C8B7894234B9F1600D1BE8E /* ArticleListCell.swift in Sources */ = {isa = PBXBuildFile; fileRef = 2C8B7893234B9F1600D1BE8E /* ArticleListCell.swift */; };
		2C8B7896234B9F6A00D1BE8E /* ArticleViewModel.swift in Sources */ = {isa = PBXBuildFile; fileRef = 2C8B7895234B9F6A00D1BE8E /* ArticleViewModel.swift */; };
		2C8B7899234BA1E800D1BE8E /* SharedImages.swift in Sources */ = {isa = PBXBuildFile; fileRef = 2C8B7898234BA1E800D1BE8E /* SharedImages.swift */; };
		2C8B789B234BA4C800D1BE8E /* GoogleService-Info.plist in Resources */ = {isa = PBXBuildFile; fileRef = 2C8B789A234BA4C800D1BE8E /* GoogleService-Info.plist */; };
		2C8B789E234BAE3500D1BE8E /* UITableViewCell+extensions.swift in Sources */ = {isa = PBXBuildFile; fileRef = 2C8B789D234BAE3500D1BE8E /* UITableViewCell+extensions.swift */; };
		2C8B78A0234BB08600D1BE8E /* Errors.swift in Sources */ = {isa = PBXBuildFile; fileRef = 2C8B789F234BB08600D1BE8E /* Errors.swift */; };
		2C8B78A2234BD9CE00D1BE8E /* TopicType.swift in Sources */ = {isa = PBXBuildFile; fileRef = 2C8B78A1234BD9CE00D1BE8E /* TopicType.swift */; };
		2C8B78A4234BDAC600D1BE8E /* MainText.swift in Sources */ = {isa = PBXBuildFile; fileRef = 2C8B78A3234BDAC600D1BE8E /* MainText.swift */; };
		2C8B78A6234BDAEE00D1BE8E /* Paragraph.swift in Sources */ = {isa = PBXBuildFile; fileRef = 2C8B78A5234BDAEE00D1BE8E /* Paragraph.swift */; };
		2C8B78A8234BDB0500D1BE8E /* BlockType.swift in Sources */ = {isa = PBXBuildFile; fileRef = 2C8B78A7234BDB0500D1BE8E /* BlockType.swift */; };
		2C8B78AA234BDB1F00D1BE8E /* MainResourceType.swift in Sources */ = {isa = PBXBuildFile; fileRef = 2C8B78A9234BDB1F00D1BE8E /* MainResourceType.swift */; };
		2C8B78AC234BDB4B00D1BE8E /* Vignette.swift in Sources */ = {isa = PBXBuildFile; fileRef = 2C8B78AB234BDB4B00D1BE8E /* Vignette.swift */; };
		2C8B78AE234BDB8C00D1BE8E /* ParagraphText.swift in Sources */ = {isa = PBXBuildFile; fileRef = 2C8B78AD234BDB8C00D1BE8E /* ParagraphText.swift */; };
		2C8B78B3234BDC2900D1BE8E /* ArticleDetailsCoordinator.swift in Sources */ = {isa = PBXBuildFile; fileRef = 2C8B78B2234BDC2900D1BE8E /* ArticleDetailsCoordinator.swift */; };
		2C8B78B5234BDC3700D1BE8E /* ArticleDetailsViewController.swift in Sources */ = {isa = PBXBuildFile; fileRef = 2C8B78B4234BDC3700D1BE8E /* ArticleDetailsViewController.swift */; };
		3D635F1A35A0DEC23AD0F12A /* Pods_OmniNewsTests.framework in Frameworks */ = {isa = PBXBuildFile; fileRef = F87C85B01221FB351B7F84A1 /* Pods_OmniNewsTests.framework */; };
/* End PBXBuildFile section */

/* Begin PBXContainerItemProxy section */
		2C8B7846234B772700D1BE8E /* PBXContainerItemProxy */ = {
			isa = PBXContainerItemProxy;
			containerPortal = 2C8B7827234B772400D1BE8E /* Project object */;
			proxyType = 1;
			remoteGlobalIDString = 2C8B782E234B772400D1BE8E;
			remoteInfo = OmniNews;
		};
/* End PBXContainerItemProxy section */

/* Begin PBXFileReference section */
		2C24789F234BE892007EF5E4 /* TopicDetailsCoordinator.swift */ = {isa = PBXFileReference; lastKnownFileType = sourcecode.swift; path = TopicDetailsCoordinator.swift; sourceTree = "<group>"; };
		2C2478A1234BE8AC007EF5E4 /* TopicDetailsViewController.swift */ = {isa = PBXFileReference; lastKnownFileType = sourcecode.swift; path = TopicDetailsViewController.swift; sourceTree = "<group>"; };
		2C2478A3234BEF33007EF5E4 /* NetworkKeys.swift */ = {isa = PBXFileReference; lastKnownFileType = sourcecode.swift; path = NetworkKeys.swift; sourceTree = "<group>"; };
		2C2478A5234BF13A007EF5E4 /* ImageAsset.swift */ = {isa = PBXFileReference; fileEncoding = 4; lastKnownFileType = sourcecode.swift; path = ImageAsset.swift; sourceTree = "<group>"; };
		2C2478A6234BF13A007EF5E4 /* ImageSize.swift */ = {isa = PBXFileReference; fileEncoding = 4; lastKnownFileType = sourcecode.swift; path = ImageSize.swift; sourceTree = "<group>"; };
		2C2478AD234BFF56007EF5E4 /* ApiClientMock.swift */ = {isa = PBXFileReference; lastKnownFileType = sourcecode.swift; path = ApiClientMock.swift; sourceTree = "<group>"; };
		2C2478B0234C0005007EF5E4 /* ArticleMock.swift */ = {isa = PBXFileReference; lastKnownFileType = sourcecode.swift; path = ArticleMock.swift; sourceTree = "<group>"; };
		2C2478B7234C01E1007EF5E4 /* ArticleViewModelTests.swift */ = {isa = PBXFileReference; lastKnownFileType = sourcecode.swift; path = ArticleViewModelTests.swift; sourceTree = "<group>"; };
		2C2478BA234C73E4007EF5E4 /* ArticlesListViewModelTests.swift */ = {isa = PBXFileReference; lastKnownFileType = sourcecode.swift; path = ArticlesListViewModelTests.swift; sourceTree = "<group>"; };
		2C2478BE234C78FF007EF5E4 /* TopicsListViewModelTests.swift */ = {isa = PBXFileReference; lastKnownFileType = sourcecode.swift; path = TopicsListViewModelTests.swift; sourceTree = "<group>"; };
		2C2478C0234C7956007EF5E4 /* TopicMock.swift */ = {isa = PBXFileReference; lastKnownFileType = sourcecode.swift; path = TopicMock.swift; sourceTree = "<group>"; };
		2C8B782F234B772400D1BE8E /* OmniNews.app */ = {isa = PBXFileReference; explicitFileType = wrapper.application; includeInIndex = 0; path = OmniNews.app; sourceTree = BUILT_PRODUCTS_DIR; };
		2C8B7832234B772400D1BE8E /* AppDelegate.swift */ = {isa = PBXFileReference; lastKnownFileType = sourcecode.swift; path = AppDelegate.swift; sourceTree = "<group>"; };
		2C8B783B234B772600D1BE8E /* Assets.xcassets */ = {isa = PBXFileReference; lastKnownFileType = folder.assetcatalog; path = Assets.xcassets; sourceTree = "<group>"; };
		2C8B783E234B772600D1BE8E /* Base */ = {isa = PBXFileReference; lastKnownFileType = file.storyboard; name = Base; path = Base.lproj/LaunchScreen.storyboard; sourceTree = "<group>"; };
		2C8B7840234B772600D1BE8E /* Info.plist */ = {isa = PBXFileReference; lastKnownFileType = text.plist.xml; path = Info.plist; sourceTree = "<group>"; };
		2C8B7845234B772700D1BE8E /* OmniNewsTests.xctest */ = {isa = PBXFileReference; explicitFileType = wrapper.cfbundle; includeInIndex = 0; path = OmniNewsTests.xctest; sourceTree = BUILT_PRODUCTS_DIR; };
		2C8B784B234B772700D1BE8E /* Info.plist */ = {isa = PBXFileReference; lastKnownFileType = text.plist.xml; path = Info.plist; sourceTree = "<group>"; };
		2C8B7856234B7AF500D1BE8E /* ApplicationCoordinator.swift */ = {isa = PBXFileReference; lastKnownFileType = sourcecode.swift; path = ApplicationCoordinator.swift; sourceTree = "<group>"; };
		2C8B7859234B7B1500D1BE8E /* MainStore.swift */ = {isa = PBXFileReference; lastKnownFileType = sourcecode.swift; path = MainStore.swift; sourceTree = "<group>"; };
		2C8B785C234B7B4100D1BE8E /* ApiClient.swift */ = {isa = PBXFileReference; lastKnownFileType = sourcecode.swift; path = ApiClient.swift; sourceTree = "<group>"; };
		2C8B785F234B7D5900D1BE8E /* NewsData.swift */ = {isa = PBXFileReference; lastKnownFileType = sourcecode.swift; path = NewsData.swift; sourceTree = "<group>"; };
		2C8B7861234B7DF400D1BE8E /* Article.swift */ = {isa = PBXFileReference; lastKnownFileType = sourcecode.swift; path = Article.swift; sourceTree = "<group>"; };
		2C8B7870234B7EFE00D1BE8E /* MainResource.swift */ = {isa = PBXFileReference; lastKnownFileType = sourcecode.swift; path = MainResource.swift; sourceTree = "<group>"; };
		2C8B7874234B7F4100D1BE8E /* TitleClass.swift */ = {isa = PBXFileReference; lastKnownFileType = sourcecode.swift; path = TitleClass.swift; sourceTree = "<group>"; };
		2C8B7877234B802200D1BE8E /* Topic.swift */ = {isa = PBXFileReference; lastKnownFileType = sourcecode.swift; path = Topic.swift; sourceTree = "<group>"; };
		2C8B787D234B811100D1BE8E /* Coordinator.swift */ = {isa = PBXFileReference; lastKnownFileType = sourcecode.swift; path = Coordinator.swift; sourceTree = "<group>"; };
		2C8B7881234B819500D1BE8E /* ArticlesListCoordinator.swift */ = {isa = PBXFileReference; lastKnownFileType = sourcecode.swift; path = ArticlesListCoordinator.swift; sourceTree = "<group>"; };
		2C8B7883234B81B900D1BE8E /* ArticlesListViewController.swift */ = {isa = PBXFileReference; lastKnownFileType = sourcecode.swift; path = ArticlesListViewController.swift; sourceTree = "<group>"; };
		2C8B7885234B820C00D1BE8E /* ArticlesListViewModel.swift */ = {isa = PBXFileReference; lastKnownFileType = sourcecode.swift; path = ArticlesListViewModel.swift; sourceTree = "<group>"; };
		2C8B788A234B885A00D1BE8E /* TopicsListCoordinator.swift */ = {isa = PBXFileReference; lastKnownFileType = sourcecode.swift; path = TopicsListCoordinator.swift; sourceTree = "<group>"; };
		2C8B788C234B921000D1BE8E /* TopicsListViewController.swift */ = {isa = PBXFileReference; lastKnownFileType = sourcecode.swift; path = TopicsListViewController.swift; sourceTree = "<group>"; };
		2C8B788E234B92BE00D1BE8E /* TopicsListViewModel.swift */ = {isa = PBXFileReference; lastKnownFileType = sourcecode.swift; path = TopicsListViewModel.swift; sourceTree = "<group>"; };
		2C8B7893234B9F1600D1BE8E /* ArticleListCell.swift */ = {isa = PBXFileReference; lastKnownFileType = sourcecode.swift; path = ArticleListCell.swift; sourceTree = "<group>"; };
		2C8B7895234B9F6A00D1BE8E /* ArticleViewModel.swift */ = {isa = PBXFileReference; lastKnownFileType = sourcecode.swift; path = ArticleViewModel.swift; sourceTree = "<group>"; };
		2C8B7898234BA1E800D1BE8E /* SharedImages.swift */ = {isa = PBXFileReference; lastKnownFileType = sourcecode.swift; path = SharedImages.swift; sourceTree = "<group>"; };
		2C8B789A234BA4C800D1BE8E /* GoogleService-Info.plist */ = {isa = PBXFileReference; fileEncoding = 4; lastKnownFileType = text.plist.xml; path = "GoogleService-Info.plist"; sourceTree = "<group>"; };
		2C8B789D234BAE3500D1BE8E /* UITableViewCell+extensions.swift */ = {isa = PBXFileReference; lastKnownFileType = sourcecode.swift; path = "UITableViewCell+extensions.swift"; sourceTree = "<group>"; };
		2C8B789F234BB08600D1BE8E /* Errors.swift */ = {isa = PBXFileReference; lastKnownFileType = sourcecode.swift; path = Errors.swift; sourceTree = "<group>"; };
		2C8B78A1234BD9CE00D1BE8E /* TopicType.swift */ = {isa = PBXFileReference; lastKnownFileType = sourcecode.swift; path = TopicType.swift; sourceTree = "<group>"; };
		2C8B78A3234BDAC600D1BE8E /* MainText.swift */ = {isa = PBXFileReference; lastKnownFileType = sourcecode.swift; path = MainText.swift; sourceTree = "<group>"; };
		2C8B78A5234BDAEE00D1BE8E /* Paragraph.swift */ = {isa = PBXFileReference; lastKnownFileType = sourcecode.swift; path = Paragraph.swift; sourceTree = "<group>"; };
		2C8B78A7234BDB0500D1BE8E /* BlockType.swift */ = {isa = PBXFileReference; lastKnownFileType = sourcecode.swift; path = BlockType.swift; sourceTree = "<group>"; };
		2C8B78A9234BDB1F00D1BE8E /* MainResourceType.swift */ = {isa = PBXFileReference; lastKnownFileType = sourcecode.swift; path = MainResourceType.swift; sourceTree = "<group>"; };
		2C8B78AB234BDB4B00D1BE8E /* Vignette.swift */ = {isa = PBXFileReference; lastKnownFileType = sourcecode.swift; path = Vignette.swift; sourceTree = "<group>"; };
		2C8B78AD234BDB8C00D1BE8E /* ParagraphText.swift */ = {isa = PBXFileReference; lastKnownFileType = sourcecode.swift; path = ParagraphText.swift; sourceTree = "<group>"; };
		2C8B78B2234BDC2900D1BE8E /* ArticleDetailsCoordinator.swift */ = {isa = PBXFileReference; lastKnownFileType = sourcecode.swift; path = ArticleDetailsCoordinator.swift; sourceTree = "<group>"; };
		2C8B78B4234BDC3700D1BE8E /* ArticleDetailsViewController.swift */ = {isa = PBXFileReference; lastKnownFileType = sourcecode.swift; path = ArticleDetailsViewController.swift; sourceTree = "<group>"; };
		78C0D39C55E7B81C85D3C06E /* Pods-OmniNewsTests.release.xcconfig */ = {isa = PBXFileReference; includeInIndex = 1; lastKnownFileType = text.xcconfig; name = "Pods-OmniNewsTests.release.xcconfig"; path = "Target Support Files/Pods-OmniNewsTests/Pods-OmniNewsTests.release.xcconfig"; sourceTree = "<group>"; };
		9D8F9FA5264266C2FCB53986 /* Pods-OmniNewsTests.debug.xcconfig */ = {isa = PBXFileReference; includeInIndex = 1; lastKnownFileType = text.xcconfig; name = "Pods-OmniNewsTests.debug.xcconfig"; path = "Target Support Files/Pods-OmniNewsTests/Pods-OmniNewsTests.debug.xcconfig"; sourceTree = "<group>"; };
		A917DDF2BECA0598B9F72601 /* Pods_OmniNews.framework */ = {isa = PBXFileReference; explicitFileType = wrapper.framework; includeInIndex = 0; path = Pods_OmniNews.framework; sourceTree = BUILT_PRODUCTS_DIR; };
		E8EFA0E972BDC345A74E48CF /* Pods-OmniNews.debug.xcconfig */ = {isa = PBXFileReference; includeInIndex = 1; lastKnownFileType = text.xcconfig; name = "Pods-OmniNews.debug.xcconfig"; path = "Target Support Files/Pods-OmniNews/Pods-OmniNews.debug.xcconfig"; sourceTree = "<group>"; };
		EE3418C52925A1510870EBE2 /* Pods-OmniNews.release.xcconfig */ = {isa = PBXFileReference; includeInIndex = 1; lastKnownFileType = text.xcconfig; name = "Pods-OmniNews.release.xcconfig"; path = "Target Support Files/Pods-OmniNews/Pods-OmniNews.release.xcconfig"; sourceTree = "<group>"; };
		F87C85B01221FB351B7F84A1 /* Pods_OmniNewsTests.framework */ = {isa = PBXFileReference; explicitFileType = wrapper.framework; includeInIndex = 0; path = Pods_OmniNewsTests.framework; sourceTree = BUILT_PRODUCTS_DIR; };
/* End PBXFileReference section */

/* Begin PBXFrameworksBuildPhase section */
		2C8B782C234B772400D1BE8E /* Frameworks */ = {
			isa = PBXFrameworksBuildPhase;
			buildActionMask = 2147483647;
			files = (
				1E7CF87F1C567A66F3F3A264 /* Pods_OmniNews.framework in Frameworks */,
			);
			runOnlyForDeploymentPostprocessing = 0;
		};
		2C8B7842234B772700D1BE8E /* Frameworks */ = {
			isa = PBXFrameworksBuildPhase;
			buildActionMask = 2147483647;
			files = (
				3D635F1A35A0DEC23AD0F12A /* Pods_OmniNewsTests.framework in Frameworks */,
			);
			runOnlyForDeploymentPostprocessing = 0;
		};
/* End PBXFrameworksBuildPhase section */

/* Begin PBXGroup section */
		2C24789A234BE445007EF5E4 /* Shared */ = {
			isa = PBXGroup;
			children = (
				2C24789B234BE44A007EF5E4 /* ViewModel */,
			);
			path = Shared;
			sourceTree = "<group>";
		};
		2C24789B234BE44A007EF5E4 /* ViewModel */ = {
			isa = PBXGroup;
			children = (
				2C8B7895234B9F6A00D1BE8E /* ArticleViewModel.swift */,
			);
			path = ViewModel;
			sourceTree = "<group>";
		};
		2C24789E234BE877007EF5E4 /* TopicDetails */ = {
			isa = PBXGroup;
			children = (
				2C24789F234BE892007EF5E4 /* TopicDetailsCoordinator.swift */,
				2C2478A1234BE8AC007EF5E4 /* TopicDetailsViewController.swift */,
			);
			path = TopicDetails;
			sourceTree = "<group>";
		};
		2C2478A9234BFF15007EF5E4 /* Scenes */ = {
			isa = PBXGroup;
			children = (
				2C2478BC234C78DF007EF5E4 /* Topic */,
				2C2478B4234C01BC007EF5E4 /* Article */,
			);
			path = Scenes;
			sourceTree = "<group>";
		};
		2C2478AA234BFF1E007EF5E4 /* Mocks */ = {
			isa = PBXGroup;
			children = (
			);
			path = Mocks;
			sourceTree = "<group>";
		};
		2C2478AB234BFF27007EF5E4 /* Shared */ = {
			isa = PBXGroup;
			children = (
				2C2478AF234BFFF9007EF5E4 /* Model */,
				2C2478AC234BFF49007EF5E4 /* Service */,
			);
			path = Shared;
			sourceTree = "<group>";
		};
		2C2478AC234BFF49007EF5E4 /* Service */ = {
			isa = PBXGroup;
			children = (
				2C2478AD234BFF56007EF5E4 /* ApiClientMock.swift */,
			);
			path = Service;
			sourceTree = "<group>";
		};
		2C2478AF234BFFF9007EF5E4 /* Model */ = {
			isa = PBXGroup;
			children = (
				2C2478B0234C0005007EF5E4 /* ArticleMock.swift */,
				2C2478C0234C7956007EF5E4 /* TopicMock.swift */,
			);
			path = Model;
			sourceTree = "<group>";
		};
		2C2478B4234C01BC007EF5E4 /* Article */ = {
			isa = PBXGroup;
			children = (
				2C2478B9234C73D1007EF5E4 /* ArticlesList */,
				2C2478B5234C01CD007EF5E4 /* Shared */,
			);
			path = Article;
			sourceTree = "<group>";
		};
		2C2478B5234C01CD007EF5E4 /* Shared */ = {
			isa = PBXGroup;
			children = (
				2C2478B6234C01D4007EF5E4 /* ViewModel */,
			);
			path = Shared;
			sourceTree = "<group>";
		};
		2C2478B6234C01D4007EF5E4 /* ViewModel */ = {
			isa = PBXGroup;
			children = (
				2C2478B7234C01E1007EF5E4 /* ArticleViewModelTests.swift */,
			);
			path = ViewModel;
			sourceTree = "<group>";
		};
		2C2478B9234C73D1007EF5E4 /* ArticlesList */ = {
			isa = PBXGroup;
			children = (
				2C2478BA234C73E4007EF5E4 /* ArticlesListViewModelTests.swift */,
			);
			path = ArticlesList;
			sourceTree = "<group>";
		};
		2C2478BC234C78DF007EF5E4 /* Topic */ = {
			isa = PBXGroup;
			children = (
				2C2478BD234C78ED007EF5E4 /* TopicList */,
			);
			path = Topic;
			sourceTree = "<group>";
		};
		2C2478BD234C78ED007EF5E4 /* TopicList */ = {
			isa = PBXGroup;
			children = (
				2C2478BE234C78FF007EF5E4 /* TopicsListViewModelTests.swift */,
			);
			path = TopicList;
			sourceTree = "<group>";
		};
		2C8B7826234B772400D1BE8E = {
			isa = PBXGroup;
			children = (
				2C8B7831234B772400D1BE8E /* OmniNews */,
				2C8B7848234B772700D1BE8E /* OmniNewsTests */,
				2C8B7830234B772400D1BE8E /* Products */,
				5CE5D9AC4179A23C7DE21866 /* Pods */,
				8C15CADF915241265DFBA19A /* Frameworks */,
			);
			sourceTree = "<group>";
		};
		2C8B7830234B772400D1BE8E /* Products */ = {
			isa = PBXGroup;
			children = (
				2C8B782F234B772400D1BE8E /* OmniNews.app */,
				2C8B7845234B772700D1BE8E /* OmniNewsTests.xctest */,
			);
			name = Products;
			sourceTree = "<group>";
		};
		2C8B7831234B772400D1BE8E /* OmniNews */ = {
			isa = PBXGroup;
			children = (
				2C8B7854234B7AC300D1BE8E /* Shared */,
				2C8B787F234B816500D1BE8E /* Scenes */,
				2C8B7832234B772400D1BE8E /* AppDelegate.swift */,
				2C8B783B234B772600D1BE8E /* Assets.xcassets */,
				2C8B783D234B772600D1BE8E /* LaunchScreen.storyboard */,
				2C8B789A234BA4C800D1BE8E /* GoogleService-Info.plist */,
				2C8B7840234B772600D1BE8E /* Info.plist */,
			);
			path = OmniNews;
			sourceTree = "<group>";
		};
		2C8B7848234B772700D1BE8E /* OmniNewsTests */ = {
			isa = PBXGroup;
			children = (
				2C2478AB234BFF27007EF5E4 /* Shared */,
				2C2478A9234BFF15007EF5E4 /* Scenes */,
				2C2478AA234BFF1E007EF5E4 /* Mocks */,
				2C8B784B234B772700D1BE8E /* Info.plist */,
			);
			path = OmniNewsTests;
			sourceTree = "<group>";
		};
		2C8B7854234B7AC300D1BE8E /* Shared */ = {
			isa = PBXGroup;
			children = (
				2C8B789C234BAE1D00D1BE8E /* Extensions */,
				2C8B7897234BA1DA00D1BE8E /* Configuration */,
				2C8B785E234B7CB100D1BE8E /* Model */,
				2C8B785B234B7B2E00D1BE8E /* Service */,
				2C8B7858234B7B0A00D1BE8E /* Store */,
				2C8B7855234B7ADC00D1BE8E /* Coordinator */,
			);
			path = Shared;
			sourceTree = "<group>";
		};
		2C8B7855234B7ADC00D1BE8E /* Coordinator */ = {
			isa = PBXGroup;
			children = (
				2C8B7856234B7AF500D1BE8E /* ApplicationCoordinator.swift */,
				2C8B787D234B811100D1BE8E /* Coordinator.swift */,
			);
			path = Coordinator;
			sourceTree = "<group>";
		};
		2C8B7858234B7B0A00D1BE8E /* Store */ = {
			isa = PBXGroup;
			children = (
				2C8B7859234B7B1500D1BE8E /* MainStore.swift */,
			);
			path = Store;
			sourceTree = "<group>";
		};
		2C8B785B234B7B2E00D1BE8E /* Service */ = {
			isa = PBXGroup;
			children = (
				2C8B785C234B7B4100D1BE8E /* ApiClient.swift */,
				2C8B789F234BB08600D1BE8E /* Errors.swift */,
				2C2478A3234BEF33007EF5E4 /* NetworkKeys.swift */,
			);
			path = Service;
			sourceTree = "<group>";
		};
		2C8B785E234B7CB100D1BE8E /* Model */ = {
			isa = PBXGroup;
			children = (
				2C8B7876234B801A00D1BE8E /* Topic */,
				2C8B7865234B7E7D00D1BE8E /* Article */,
				2C8B785F234B7D5900D1BE8E /* NewsData.swift */,
			);
			path = Model;
			sourceTree = "<group>";
		};
		2C8B7865234B7E7D00D1BE8E /* Article */ = {
			isa = PBXGroup;
			children = (
				2C2478A5234BF13A007EF5E4 /* ImageAsset.swift */,
				2C2478A6234BF13A007EF5E4 /* ImageSize.swift */,
				2C8B7861234B7DF400D1BE8E /* Article.swift */,
				2C8B7870234B7EFE00D1BE8E /* MainResource.swift */,
				2C8B7874234B7F4100D1BE8E /* TitleClass.swift */,
				2C8B78A3234BDAC600D1BE8E /* MainText.swift */,
				2C8B78A5234BDAEE00D1BE8E /* Paragraph.swift */,
				2C8B78A7234BDB0500D1BE8E /* BlockType.swift */,
				2C8B78A9234BDB1F00D1BE8E /* MainResourceType.swift */,
				2C8B78AB234BDB4B00D1BE8E /* Vignette.swift */,
				2C8B78AD234BDB8C00D1BE8E /* ParagraphText.swift */,
			);
			path = Article;
			sourceTree = "<group>";
		};
		2C8B7876234B801A00D1BE8E /* Topic */ = {
			isa = PBXGroup;
			children = (
				2C8B7877234B802200D1BE8E /* Topic.swift */,
				2C8B78A1234BD9CE00D1BE8E /* TopicType.swift */,
			);
			path = Topic;
			sourceTree = "<group>";
		};
		2C8B787F234B816500D1BE8E /* Scenes */ = {
			isa = PBXGroup;
			children = (
				2C8B78B1234BDC0600D1BE8E /* Topic */,
				2C8B78B0234BDBFA00D1BE8E /* Article */,
			);
			path = Scenes;
			sourceTree = "<group>";
		};
		2C8B7880234B817C00D1BE8E /* ArticlesList */ = {
			isa = PBXGroup;
			children = (
				2C8B7892234B9EF500D1BE8E /* ArticleCell */,
				2C8B7881234B819500D1BE8E /* ArticlesListCoordinator.swift */,
				2C8B7883234B81B900D1BE8E /* ArticlesListViewController.swift */,
				2C8B7885234B820C00D1BE8E /* ArticlesListViewModel.swift */,
			);
			path = ArticlesList;
			sourceTree = "<group>";
		};
		2C8B7889234B884000D1BE8E /* TopicsList */ = {
			isa = PBXGroup;
			children = (
				2C8B788A234B885A00D1BE8E /* TopicsListCoordinator.swift */,
				2C8B788C234B921000D1BE8E /* TopicsListViewController.swift */,
				2C8B788E234B92BE00D1BE8E /* TopicsListViewModel.swift */,
			);
			path = TopicsList;
			sourceTree = "<group>";
		};
		2C8B7892234B9EF500D1BE8E /* ArticleCell */ = {
			isa = PBXGroup;
			children = (
				2C8B7893234B9F1600D1BE8E /* ArticleListCell.swift */,
			);
			path = ArticleCell;
			sourceTree = "<group>";
		};
		2C8B7897234BA1DA00D1BE8E /* Configuration */ = {
			isa = PBXGroup;
			children = (
				2C8B7898234BA1E800D1BE8E /* SharedImages.swift */,
			);
			path = Configuration;
			sourceTree = "<group>";
		};
		2C8B789C234BAE1D00D1BE8E /* Extensions */ = {
			isa = PBXGroup;
			children = (
				2C8B789D234BAE3500D1BE8E /* UITableViewCell+extensions.swift */,
			);
			path = Extensions;
			sourceTree = "<group>";
		};
		2C8B78AF234BDBEB00D1BE8E /* ArticleDetails */ = {
			isa = PBXGroup;
			children = (
				2C8B78B2234BDC2900D1BE8E /* ArticleDetailsCoordinator.swift */,
				2C8B78B4234BDC3700D1BE8E /* ArticleDetailsViewController.swift */,
			);
			path = ArticleDetails;
			sourceTree = "<group>";
		};
		2C8B78B0234BDBFA00D1BE8E /* Article */ = {
			isa = PBXGroup;
			children = (
				2C24789A234BE445007EF5E4 /* Shared */,
				2C8B78AF234BDBEB00D1BE8E /* ArticleDetails */,
				2C8B7880234B817C00D1BE8E /* ArticlesList */,
			);
			path = Article;
			sourceTree = "<group>";
		};
		2C8B78B1234BDC0600D1BE8E /* Topic */ = {
			isa = PBXGroup;
			children = (
				2C24789E234BE877007EF5E4 /* TopicDetails */,
				2C8B7889234B884000D1BE8E /* TopicsList */,
			);
			path = Topic;
			sourceTree = "<group>";
		};
		5CE5D9AC4179A23C7DE21866 /* Pods */ = {
			isa = PBXGroup;
			children = (
				E8EFA0E972BDC345A74E48CF /* Pods-OmniNews.debug.xcconfig */,
				EE3418C52925A1510870EBE2 /* Pods-OmniNews.release.xcconfig */,
				9D8F9FA5264266C2FCB53986 /* Pods-OmniNewsTests.debug.xcconfig */,
				78C0D39C55E7B81C85D3C06E /* Pods-OmniNewsTests.release.xcconfig */,
			);
			path = Pods;
			sourceTree = "<group>";
		};
		8C15CADF915241265DFBA19A /* Frameworks */ = {
			isa = PBXGroup;
			children = (
				A917DDF2BECA0598B9F72601 /* Pods_OmniNews.framework */,
				F87C85B01221FB351B7F84A1 /* Pods_OmniNewsTests.framework */,
			);
			name = Frameworks;
			sourceTree = "<group>";
		};
/* End PBXGroup section */

/* Begin PBXNativeTarget section */
		2C8B782E234B772400D1BE8E /* OmniNews */ = {
			isa = PBXNativeTarget;
			buildConfigurationList = 2C8B784E234B772700D1BE8E /* Build configuration list for PBXNativeTarget "OmniNews" */;
			buildPhases = (
				7632CC0E15AA9B18CF14E963 /* [CP] Check Pods Manifest.lock */,
				2C8B782B234B772400D1BE8E /* Sources */,
				2C8B782C234B772400D1BE8E /* Frameworks */,
				2C8B782D234B772400D1BE8E /* Resources */,
				C9E9F6665E546B0389C3A63F /* [CP] Embed Pods Frameworks */,
			);
			buildRules = (
			);
			dependencies = (
			);
			name = OmniNews;
			productName = OmniNews;
			productReference = 2C8B782F234B772400D1BE8E /* OmniNews.app */;
			productType = "com.apple.product-type.application";
		};
		2C8B7844234B772700D1BE8E /* OmniNewsTests */ = {
			isa = PBXNativeTarget;
			buildConfigurationList = 2C8B7851234B772700D1BE8E /* Build configuration list for PBXNativeTarget "OmniNewsTests" */;
			buildPhases = (
				155F030570B72AE004241298 /* [CP] Check Pods Manifest.lock */,
				2C8B7841234B772700D1BE8E /* Sources */,
				2C8B7842234B772700D1BE8E /* Frameworks */,
				2C8B7843234B772700D1BE8E /* Resources */,
				4AB0666C6D14EA7EB73C5DF3 /* [CP] Embed Pods Frameworks */,
			);
			buildRules = (
			);
			dependencies = (
				2C8B7847234B772700D1BE8E /* PBXTargetDependency */,
			);
			name = OmniNewsTests;
			productName = OmniNewsTests;
			productReference = 2C8B7845234B772700D1BE8E /* OmniNewsTests.xctest */;
			productType = "com.apple.product-type.bundle.unit-test";
		};
/* End PBXNativeTarget section */

/* Begin PBXProject section */
		2C8B7827234B772400D1BE8E /* Project object */ = {
			isa = PBXProject;
			attributes = {
				LastSwiftUpdateCheck = 1100;
				LastUpgradeCheck = 1100;
				ORGANIZATIONNAME = Kamajabu;
				TargetAttributes = {
					2C8B782E234B772400D1BE8E = {
						CreatedOnToolsVersion = 11.0;
					};
					2C8B7844234B772700D1BE8E = {
						CreatedOnToolsVersion = 11.0;
						TestTargetID = 2C8B782E234B772400D1BE8E;
					};
				};
			};
			buildConfigurationList = 2C8B782A234B772400D1BE8E /* Build configuration list for PBXProject "OmniNews" */;
			compatibilityVersion = "Xcode 9.3";
			developmentRegion = en;
			hasScannedForEncodings = 0;
			knownRegions = (
				en,
				Base,
			);
			mainGroup = 2C8B7826234B772400D1BE8E;
			productRefGroup = 2C8B7830234B772400D1BE8E /* Products */;
			projectDirPath = "";
			projectRoot = "";
			targets = (
				2C8B782E234B772400D1BE8E /* OmniNews */,
				2C8B7844234B772700D1BE8E /* OmniNewsTests */,
			);
		};
/* End PBXProject section */

/* Begin PBXResourcesBuildPhase section */
		2C8B782D234B772400D1BE8E /* Resources */ = {
			isa = PBXResourcesBuildPhase;
			buildActionMask = 2147483647;
			files = (
				2C8B783F234B772600D1BE8E /* LaunchScreen.storyboard in Resources */,
				2C8B789B234BA4C800D1BE8E /* GoogleService-Info.plist in Resources */,
				2C8B783C234B772600D1BE8E /* Assets.xcassets in Resources */,
			);
			runOnlyForDeploymentPostprocessing = 0;
		};
		2C8B7843234B772700D1BE8E /* Resources */ = {
			isa = PBXResourcesBuildPhase;
			buildActionMask = 2147483647;
			files = (
			);
			runOnlyForDeploymentPostprocessing = 0;
		};
/* End PBXResourcesBuildPhase section */

/* Begin PBXShellScriptBuildPhase section */
		155F030570B72AE004241298 /* [CP] Check Pods Manifest.lock */ = {
			isa = PBXShellScriptBuildPhase;
			buildActionMask = 2147483647;
			files = (
			);
			inputFileListPaths = (
			);
			inputPaths = (
				"${PODS_PODFILE_DIR_PATH}/Podfile.lock",
				"${PODS_ROOT}/Manifest.lock",
			);
			name = "[CP] Check Pods Manifest.lock";
			outputFileListPaths = (
			);
			outputPaths = (
				"$(DERIVED_FILE_DIR)/Pods-OmniNewsTests-checkManifestLockResult.txt",
			);
			runOnlyForDeploymentPostprocessing = 0;
			shellPath = /bin/sh;
			shellScript = "diff \"${PODS_PODFILE_DIR_PATH}/Podfile.lock\" \"${PODS_ROOT}/Manifest.lock\" > /dev/null\nif [ $? != 0 ] ; then\n    # print error to STDERR\n    echo \"error: The sandbox is not in sync with the Podfile.lock. Run 'pod install' or update your CocoaPods installation.\" >&2\n    exit 1\nfi\n# This output is used by Xcode 'outputs' to avoid re-running this script phase.\necho \"SUCCESS\" > \"${SCRIPT_OUTPUT_FILE_0}\"\n";
			showEnvVarsInLog = 0;
		};
		4AB0666C6D14EA7EB73C5DF3 /* [CP] Embed Pods Frameworks */ = {
			isa = PBXShellScriptBuildPhase;
			buildActionMask = 2147483647;
			files = (
			);
			inputFileListPaths = (
				"${PODS_ROOT}/Target Support Files/Pods-OmniNewsTests/Pods-OmniNewsTests-frameworks-${CONFIGURATION}-input-files.xcfilelist",
			);
			name = "[CP] Embed Pods Frameworks";
			outputFileListPaths = (
				"${PODS_ROOT}/Target Support Files/Pods-OmniNewsTests/Pods-OmniNewsTests-frameworks-${CONFIGURATION}-output-files.xcfilelist",
			);
			runOnlyForDeploymentPostprocessing = 0;
			shellPath = /bin/sh;
			shellScript = "\"${PODS_ROOT}/Target Support Files/Pods-OmniNewsTests/Pods-OmniNewsTests-frameworks.sh\"\n";
			showEnvVarsInLog = 0;
		};
		7632CC0E15AA9B18CF14E963 /* [CP] Check Pods Manifest.lock */ = {
			isa = PBXShellScriptBuildPhase;
			buildActionMask = 2147483647;
			files = (
			);
			inputFileListPaths = (
			);
			inputPaths = (
				"${PODS_PODFILE_DIR_PATH}/Podfile.lock",
				"${PODS_ROOT}/Manifest.lock",
			);
			name = "[CP] Check Pods Manifest.lock";
			outputFileListPaths = (
			);
			outputPaths = (
				"$(DERIVED_FILE_DIR)/Pods-OmniNews-checkManifestLockResult.txt",
			);
			runOnlyForDeploymentPostprocessing = 0;
			shellPath = /bin/sh;
			shellScript = "diff \"${PODS_PODFILE_DIR_PATH}/Podfile.lock\" \"${PODS_ROOT}/Manifest.lock\" > /dev/null\nif [ $? != 0 ] ; then\n    # print error to STDERR\n    echo \"error: The sandbox is not in sync with the Podfile.lock. Run 'pod install' or update your CocoaPods installation.\" >&2\n    exit 1\nfi\n# This output is used by Xcode 'outputs' to avoid re-running this script phase.\necho \"SUCCESS\" > \"${SCRIPT_OUTPUT_FILE_0}\"\n";
			showEnvVarsInLog = 0;
		};
		C9E9F6665E546B0389C3A63F /* [CP] Embed Pods Frameworks */ = {
			isa = PBXShellScriptBuildPhase;
			buildActionMask = 2147483647;
			files = (
			);
			inputFileListPaths = (
				"${PODS_ROOT}/Target Support Files/Pods-OmniNews/Pods-OmniNews-frameworks-${CONFIGURATION}-input-files.xcfilelist",
			);
			name = "[CP] Embed Pods Frameworks";
			outputFileListPaths = (
				"${PODS_ROOT}/Target Support Files/Pods-OmniNews/Pods-OmniNews-frameworks-${CONFIGURATION}-output-files.xcfilelist",
			);
			runOnlyForDeploymentPostprocessing = 0;
			shellPath = /bin/sh;
			shellScript = "\"${PODS_ROOT}/Target Support Files/Pods-OmniNews/Pods-OmniNews-frameworks.sh\"\n";
			showEnvVarsInLog = 0;
		};
/* End PBXShellScriptBuildPhase section */

/* Begin PBXSourcesBuildPhase section */
		2C8B782B234B772400D1BE8E /* Sources */ = {
			isa = PBXSourcesBuildPhase;
			buildActionMask = 2147483647;
			files = (
				2C8B7878234B802200D1BE8E /* Topic.swift in Sources */,
				2C8B785A234B7B1500D1BE8E /* MainStore.swift in Sources */,
				2C8B7882234B819500D1BE8E /* ArticlesListCoordinator.swift in Sources */,
				2C8B7894234B9F1600D1BE8E /* ArticleListCell.swift in Sources */,
				2C8B78A4234BDAC600D1BE8E /* MainText.swift in Sources */,
				2C8B78A6234BDAEE00D1BE8E /* Paragraph.swift in Sources */,
				2C8B7896234B9F6A00D1BE8E /* ArticleViewModel.swift in Sources */,
				2C8B78B3234BDC2900D1BE8E /* ArticleDetailsCoordinator.swift in Sources */,
				2C8B78AE234BDB8C00D1BE8E /* ParagraphText.swift in Sources */,
				2C8B7899234BA1E800D1BE8E /* SharedImages.swift in Sources */,
				2C2478A0234BE892007EF5E4 /* TopicDetailsCoordinator.swift in Sources */,
				2C8B7833234B772400D1BE8E /* AppDelegate.swift in Sources */,
				2C8B7884234B81B900D1BE8E /* ArticlesListViewController.swift in Sources */,
				2C2478A4234BEF33007EF5E4 /* NetworkKeys.swift in Sources */,
				2C8B789E234BAE3500D1BE8E /* UITableViewCell+extensions.swift in Sources */,
				2C8B78B5234BDC3700D1BE8E /* ArticleDetailsViewController.swift in Sources */,
				2C8B78A2234BD9CE00D1BE8E /* TopicType.swift in Sources */,
				2C8B788D234B921000D1BE8E /* TopicsListViewController.swift in Sources */,
				2C2478A7234BF13A007EF5E4 /* ImageAsset.swift in Sources */,
				2C8B78A0234BB08600D1BE8E /* Errors.swift in Sources */,
				2C8B78A8234BDB0500D1BE8E /* BlockType.swift in Sources */,
				2C8B7862234B7DF400D1BE8E /* Article.swift in Sources */,
				2C8B7871234B7EFE00D1BE8E /* MainResource.swift in Sources */,
				2C8B7857234B7AF500D1BE8E /* ApplicationCoordinator.swift in Sources */,
				2C8B788B234B885A00D1BE8E /* TopicsListCoordinator.swift in Sources */,
				2C8B788F234B92BE00D1BE8E /* TopicsListViewModel.swift in Sources */,
				2C8B787E234B811100D1BE8E /* Coordinator.swift in Sources */,
				2C8B7886234B820C00D1BE8E /* ArticlesListViewModel.swift in Sources */,
				2C8B78AA234BDB1F00D1BE8E /* MainResourceType.swift in Sources */,
				2C8B7875234B7F4100D1BE8E /* TitleClass.swift in Sources */,
				2C2478A2234BE8AC007EF5E4 /* TopicDetailsViewController.swift in Sources */,
				2C8B78AC234BDB4B00D1BE8E /* Vignette.swift in Sources */,
				2C8B785D234B7B4100D1BE8E /* ApiClient.swift in Sources */,
				2C2478A8234BF13A007EF5E4 /* ImageSize.swift in Sources */,
				2C8B7860234B7D5A00D1BE8E /* NewsData.swift in Sources */,
			);
			runOnlyForDeploymentPostprocessing = 0;
		};
		2C8B7841234B772700D1BE8E /* Sources */ = {
			isa = PBXSourcesBuildPhase;
			buildActionMask = 2147483647;
			files = (
				2C2478B8234C01E1007EF5E4 /* ArticleViewModelTests.swift in Sources */,
				2C2478C1234C7956007EF5E4 /* TopicMock.swift in Sources */,
				2C2478AE234BFF56007EF5E4 /* ApiClientMock.swift in Sources */,
				2C2478BB234C73E4007EF5E4 /* ArticlesListViewModelTests.swift in Sources */,
				2C2478BF234C78FF007EF5E4 /* TopicsListViewModelTests.swift in Sources */,
				2C2478B1234C0005007EF5E4 /* ArticleMock.swift in Sources */,
			);
			runOnlyForDeploymentPostprocessing = 0;
		};
/* End PBXSourcesBuildPhase section */

/* Begin PBXTargetDependency section */
		2C8B7847234B772700D1BE8E /* PBXTargetDependency */ = {
			isa = PBXTargetDependency;
			target = 2C8B782E234B772400D1BE8E /* OmniNews */;
			targetProxy = 2C8B7846234B772700D1BE8E /* PBXContainerItemProxy */;
		};
/* End PBXTargetDependency section */

/* Begin PBXVariantGroup section */
		2C8B783D234B772600D1BE8E /* LaunchScreen.storyboard */ = {
			isa = PBXVariantGroup;
			children = (
				2C8B783E234B772600D1BE8E /* Base */,
			);
			name = LaunchScreen.storyboard;
			sourceTree = "<group>";
		};
/* End PBXVariantGroup section */

/* Begin XCBuildConfiguration section */
		2C8B784C234B772700D1BE8E /* Debug */ = {
			isa = XCBuildConfiguration;
			buildSettings = {
				ALWAYS_SEARCH_USER_PATHS = NO;
				CLANG_ANALYZER_NONNULL = YES;
				CLANG_ANALYZER_NUMBER_OBJECT_CONVERSION = YES_AGGRESSIVE;
				CLANG_CXX_LANGUAGE_STANDARD = "gnu++14";
				CLANG_CXX_LIBRARY = "libc++";
				CLANG_ENABLE_MODULES = YES;
				CLANG_ENABLE_OBJC_ARC = YES;
				CLANG_ENABLE_OBJC_WEAK = YES;
				CLANG_WARN_BLOCK_CAPTURE_AUTORELEASING = YES;
				CLANG_WARN_BOOL_CONVERSION = YES;
				CLANG_WARN_COMMA = YES;
				CLANG_WARN_CONSTANT_CONVERSION = YES;
				CLANG_WARN_DEPRECATED_OBJC_IMPLEMENTATIONS = YES;
				CLANG_WARN_DIRECT_OBJC_ISA_USAGE = YES_ERROR;
				CLANG_WARN_DOCUMENTATION_COMMENTS = YES;
				CLANG_WARN_EMPTY_BODY = YES;
				CLANG_WARN_ENUM_CONVERSION = YES;
				CLANG_WARN_INFINITE_RECURSION = YES;
				CLANG_WARN_INT_CONVERSION = YES;
				CLANG_WARN_NON_LITERAL_NULL_CONVERSION = YES;
				CLANG_WARN_OBJC_IMPLICIT_RETAIN_SELF = YES;
				CLANG_WARN_OBJC_LITERAL_CONVERSION = YES;
				CLANG_WARN_OBJC_ROOT_CLASS = YES_ERROR;
				CLANG_WARN_RANGE_LOOP_ANALYSIS = YES;
				CLANG_WARN_STRICT_PROTOTYPES = YES;
				CLANG_WARN_SUSPICIOUS_MOVE = YES;
				CLANG_WARN_UNGUARDED_AVAILABILITY = YES_AGGRESSIVE;
				CLANG_WARN_UNREACHABLE_CODE = YES;
				CLANG_WARN__DUPLICATE_METHOD_MATCH = YES;
				COPY_PHASE_STRIP = NO;
				DEBUG_INFORMATION_FORMAT = dwarf;
				ENABLE_STRICT_OBJC_MSGSEND = YES;
				ENABLE_TESTABILITY = YES;
				GCC_C_LANGUAGE_STANDARD = gnu11;
				GCC_DYNAMIC_NO_PIC = NO;
				GCC_NO_COMMON_BLOCKS = YES;
				GCC_OPTIMIZATION_LEVEL = 0;
				GCC_PREPROCESSOR_DEFINITIONS = (
					"DEBUG=1",
					"$(inherited)",
				);
				GCC_WARN_64_TO_32_BIT_CONVERSION = YES;
				GCC_WARN_ABOUT_RETURN_TYPE = YES_ERROR;
				GCC_WARN_UNDECLARED_SELECTOR = YES;
				GCC_WARN_UNINITIALIZED_AUTOS = YES_AGGRESSIVE;
				GCC_WARN_UNUSED_FUNCTION = YES;
				GCC_WARN_UNUSED_VARIABLE = YES;
				IPHONEOS_DEPLOYMENT_TARGET = 13.0;
				MTL_ENABLE_DEBUG_INFO = INCLUDE_SOURCE;
				MTL_FAST_MATH = YES;
				ONLY_ACTIVE_ARCH = YES;
				SDKROOT = iphoneos;
				SWIFT_ACTIVE_COMPILATION_CONDITIONS = DEBUG;
				SWIFT_OPTIMIZATION_LEVEL = "-Onone";
			};
			name = Debug;
		};
		2C8B784D234B772700D1BE8E /* Release */ = {
			isa = XCBuildConfiguration;
			buildSettings = {
				ALWAYS_SEARCH_USER_PATHS = NO;
				CLANG_ANALYZER_NONNULL = YES;
				CLANG_ANALYZER_NUMBER_OBJECT_CONVERSION = YES_AGGRESSIVE;
				CLANG_CXX_LANGUAGE_STANDARD = "gnu++14";
				CLANG_CXX_LIBRARY = "libc++";
				CLANG_ENABLE_MODULES = YES;
				CLANG_ENABLE_OBJC_ARC = YES;
				CLANG_ENABLE_OBJC_WEAK = YES;
				CLANG_WARN_BLOCK_CAPTURE_AUTORELEASING = YES;
				CLANG_WARN_BOOL_CONVERSION = YES;
				CLANG_WARN_COMMA = YES;
				CLANG_WARN_CONSTANT_CONVERSION = YES;
				CLANG_WARN_DEPRECATED_OBJC_IMPLEMENTATIONS = YES;
				CLANG_WARN_DIRECT_OBJC_ISA_USAGE = YES_ERROR;
				CLANG_WARN_DOCUMENTATION_COMMENTS = YES;
				CLANG_WARN_EMPTY_BODY = YES;
				CLANG_WARN_ENUM_CONVERSION = YES;
				CLANG_WARN_INFINITE_RECURSION = YES;
				CLANG_WARN_INT_CONVERSION = YES;
				CLANG_WARN_NON_LITERAL_NULL_CONVERSION = YES;
				CLANG_WARN_OBJC_IMPLICIT_RETAIN_SELF = YES;
				CLANG_WARN_OBJC_LITERAL_CONVERSION = YES;
				CLANG_WARN_OBJC_ROOT_CLASS = YES_ERROR;
				CLANG_WARN_RANGE_LOOP_ANALYSIS = YES;
				CLANG_WARN_STRICT_PROTOTYPES = YES;
				CLANG_WARN_SUSPICIOUS_MOVE = YES;
				CLANG_WARN_UNGUARDED_AVAILABILITY = YES_AGGRESSIVE;
				CLANG_WARN_UNREACHABLE_CODE = YES;
				CLANG_WARN__DUPLICATE_METHOD_MATCH = YES;
				COPY_PHASE_STRIP = NO;
				DEBUG_INFORMATION_FORMAT = "dwarf-with-dsym";
				ENABLE_NS_ASSERTIONS = NO;
				ENABLE_STRICT_OBJC_MSGSEND = YES;
				GCC_C_LANGUAGE_STANDARD = gnu11;
				GCC_NO_COMMON_BLOCKS = YES;
				GCC_WARN_64_TO_32_BIT_CONVERSION = YES;
				GCC_WARN_ABOUT_RETURN_TYPE = YES_ERROR;
				GCC_WARN_UNDECLARED_SELECTOR = YES;
				GCC_WARN_UNINITIALIZED_AUTOS = YES_AGGRESSIVE;
				GCC_WARN_UNUSED_FUNCTION = YES;
				GCC_WARN_UNUSED_VARIABLE = YES;
				IPHONEOS_DEPLOYMENT_TARGET = 13.0;
				MTL_ENABLE_DEBUG_INFO = NO;
				MTL_FAST_MATH = YES;
				SDKROOT = iphoneos;
				SWIFT_COMPILATION_MODE = wholemodule;
				SWIFT_OPTIMIZATION_LEVEL = "-O";
				VALIDATE_PRODUCT = YES;
			};
			name = Release;
		};
		2C8B784F234B772700D1BE8E /* Debug */ = {
			isa = XCBuildConfiguration;
			baseConfigurationReference = E8EFA0E972BDC345A74E48CF /* Pods-OmniNews.debug.xcconfig */;
			buildSettings = {
				ASSETCATALOG_COMPILER_APPICON_NAME = AppIcon;
				CODE_SIGN_STYLE = Automatic;
				DEVELOPMENT_TEAM = AEXXQNVE8L;
				INFOPLIST_FILE = OmniNews/Info.plist;
				IPHONEOS_DEPLOYMENT_TARGET = 11.0;
				LD_RUNPATH_SEARCH_PATHS = (
					"$(inherited)",
					"@executable_path/Frameworks",
				);
				PRODUCT_BUNDLE_IDENTIFIER = pl.kamajabu.OmniNews;
				PRODUCT_NAME = "$(TARGET_NAME)";
				SWIFT_VERSION = 5.0;
				TARGETED_DEVICE_FAMILY = 1;
			};
			name = Debug;
		};
		2C8B7850234B772700D1BE8E /* Release */ = {
			isa = XCBuildConfiguration;
			baseConfigurationReference = EE3418C52925A1510870EBE2 /* Pods-OmniNews.release.xcconfig */;
			buildSettings = {
				ASSETCATALOG_COMPILER_APPICON_NAME = AppIcon;
				CODE_SIGN_STYLE = Automatic;
				DEVELOPMENT_TEAM = AEXXQNVE8L;
				INFOPLIST_FILE = OmniNews/Info.plist;
				IPHONEOS_DEPLOYMENT_TARGET = 11.0;
				LD_RUNPATH_SEARCH_PATHS = (
					"$(inherited)",
					"@executable_path/Frameworks",
				);
				PRODUCT_BUNDLE_IDENTIFIER = pl.kamajabu.OmniNews;
				PRODUCT_NAME = "$(TARGET_NAME)";
				SWIFT_VERSION = 5.0;
				TARGETED_DEVICE_FAMILY = 1;
			};
			name = Release;
		};
		2C8B7852234B772700D1BE8E /* Debug */ = {
			isa = XCBuildConfiguration;
			baseConfigurationReference = 9D8F9FA5264266C2FCB53986 /* Pods-OmniNewsTests.debug.xcconfig */;
			buildSettings = {
				BUNDLE_LOADER = "$(TEST_HOST)";
				CODE_SIGN_STYLE = Automatic;
				DEVELOPMENT_TEAM = AEXXQNVE8L;
				INFOPLIST_FILE = OmniNewsTests/Info.plist;
				IPHONEOS_DEPLOYMENT_TARGET = 13.0;
				LD_RUNPATH_SEARCH_PATHS = (
					"$(inherited)",
					"@executable_path/Frameworks",
					"@loader_path/Frameworks",
				);
				PRODUCT_BUNDLE_IDENTIFIER = pl.kamajabu.OmniNewsTests;
				PRODUCT_NAME = "$(TARGET_NAME)";
				SWIFT_VERSION = 5.0;
				TARGETED_DEVICE_FAMILY = "1,2";
				TEST_HOST = "$(BUILT_PRODUCTS_DIR)/OmniNews.app/OmniNews";
			};
			name = Debug;
		};
		2C8B7853234B772700D1BE8E /* Release */ = {
			isa = XCBuildConfiguration;
			baseConfigurationReference = 78C0D39C55E7B81C85D3C06E /* Pods-OmniNewsTests.release.xcconfig */;
			buildSettings = {
				BUNDLE_LOADER = "$(TEST_HOST)";
				CODE_SIGN_STYLE = Automatic;
				DEVELOPMENT_TEAM = AEXXQNVE8L;
				INFOPLIST_FILE = OmniNewsTests/Info.plist;
				IPHONEOS_DEPLOYMENT_TARGET = 13.0;
				LD_RUNPATH_SEARCH_PATHS = (
					"$(inherited)",
					"@executable_path/Frameworks",
					"@loader_path/Frameworks",
				);
				PRODUCT_BUNDLE_IDENTIFIER = pl.kamajabu.OmniNewsTests;
				PRODUCT_NAME = "$(TARGET_NAME)";
				SWIFT_VERSION = 5.0;
				TARGETED_DEVICE_FAMILY = "1,2";
				TEST_HOST = "$(BUILT_PRODUCTS_DIR)/OmniNews.app/OmniNews";
			};
			name = Release;
		};
/* End XCBuildConfiguration section */

/* Begin XCConfigurationList section */
		2C8B782A234B772400D1BE8E /* Build configuration list for PBXProject "OmniNews" */ = {
			isa = XCConfigurationList;
			buildConfigurations = (
				2C8B784C234B772700D1BE8E /* Debug */,
				2C8B784D234B772700D1BE8E /* Release */,
			);
			defaultConfigurationIsVisible = 0;
			defaultConfigurationName = Release;
		};
		2C8B784E234B772700D1BE8E /* Build configuration list for PBXNativeTarget "OmniNews" */ = {
			isa = XCConfigurationList;
			buildConfigurations = (
				2C8B784F234B772700D1BE8E /* Debug */,
				2C8B7850234B772700D1BE8E /* Release */,
			);
			defaultConfigurationIsVisible = 0;
			defaultConfigurationName = Release;
		};
		2C8B7851234B772700D1BE8E /* Build configuration list for PBXNativeTarget "OmniNewsTests" */ = {
			isa = XCConfigurationList;
			buildConfigurations = (
				2C8B7852234B772700D1BE8E /* Debug */,
				2C8B7853234B772700D1BE8E /* Release */,
			);
			defaultConfigurationIsVisible = 0;
			defaultConfigurationName = Release;
		};
/* End XCConfigurationList section */
	};
	rootObject = 2C8B7827234B772400D1BE8E /* Project object */;
}
